
Microsoft Visual Studio Solution File, Format Version 12.00
# Visual Studio Version 16
VisualStudioVersion = 16.0.29709.97
MinimumVisualStudioVersion = 10.0.40219.1
Project("{FAE04EC0-301F-11D3-BF4B-00C04F79EFBC}") = "Lab02", "Lab02\Lab02.csproj", "{358F0B69-3EA0-4936-9E39-CC613A43E866}"
EndProject
Global
	GlobalSection(SolutionConfigurationPlatforms) = preSolution
		Debug|Any CPU = Debug|Any CPU
		Release|Any CPU = Release|Any CPU
	EndGlobalSection
	GlobalSection(ProjectConfigurationPlatforms) = postSolution
		{358F0B69-3EA0-4936-9E39-CC613A43E866}.Debug|Any CPU.ActiveCfg = Debug|Any CPU
		{358F0B69-3EA0-4936-9E39-CC613A43E866}.Debug|Any CPU.Build.0 = Debug|Any CPU
		{358F0B69-3EA0-4936-9E39-CC613A43E866}.Release|Any CPU.ActiveCfg = Release|Any CPU
		{358F0B69-3EA0-4936-9E39-CC613A43E866}.Release|Any CPU.Build.0 = Release|Any CPU
	EndGlobalSection
	GlobalSection(SolutionProperties) = preSolution
		HideSolutionNode = FALSE
	EndGlobalSection
	GlobalSection(ExtensibilityGlobals) = postSolution
		SolutionGuid = {B207B71F-6F95-43A3-884A-B70ACBBDE646}
	EndGlobalSection
EndGlobal
